{
  "requires": true,
  "lockfileVersion": 1,
  "dependencies": {
    "@cliffy/command": {
      "version": "npm:@jsr/cliffy__command@1.0.0-rc.7",
      "resolved": "https://npm.jsr.io/~/11/@jsr/cliffy__command/1.0.0-rc.7.tgz",
      "integrity": "sha512-cLmigvj0IJxMoj0FI/gAanoJNyHYW/SeaDdJUCTmu/10l4og4lrHUwbpkKISnnj2pimFQb4zVJ2hnlFrYEjjQw==",
      "requires": {
        "@jsr/cliffy__flags": "1.0.0-rc.7",
        "@jsr/cliffy__internal": "1.0.0-rc.7",
        "@jsr/cliffy__table": "1.0.0-rc.7",
        "@jsr/std__fmt": "~1.0.2",
        "@jsr/std__text": "~1.0.7"
      }
    },
    "@jsr/cliffy__flags": {
      "version": "1.0.0-rc.7",
      "resolved": "https://npm.jsr.io/~/11/@jsr/cliffy__flags/1.0.0-rc.7.tgz",
      "integrity": "sha512-D0EsYP7QrzZBiap/qri//AixzFqBKPxzui99Z/Yz77DxcNthd6kafhOVr9xIBuORICzeydjNY2hVk5J7fV0iRQ==",
      "requires": {
        "@jsr/std__text": "~1.0.7"
      }
    },
    "@jsr/cliffy__internal": {
      "version": "1.0.0-rc.7",
      "resolved": "https://npm.jsr.io/~/11/@jsr/cliffy__internal/1.0.0-rc.7.tgz",
      "integrity": "sha512-ncrAaxh4UUeV7RDvkhyGQuxU5JtSZVz38Db97mms+iNIwogM4qn9P8kNR1V6avMo+TjGMD5Z1DMkJGO9o6aHyw==",
      "requires": {
        "@jsr/std__fmt": "~1.0.2"
      }
    },
    "@jsr/cliffy__table": {
      "version": "1.0.0-rc.7",
      "resolved": "https://npm.jsr.io/~/11/@jsr/cliffy__table/1.0.0-rc.7.tgz",
      "integrity": "sha512-EWM/Jfrit8W1qxo+0c/bRqaod8jxMotOiY08Nlx2/FVMK52hJoAtzC0RhpdyXzxVuBpqIdv6UeDDbTAIRiYGug==",
      "requires": {
        "@jsr/std__fmt": "~1.0.2"
      }
    },
    "@jsr/std__fmt": {
      "version": "1.0.6",
      "resolved": "https://npm.jsr.io/~/11/@jsr/std__fmt/1.0.6.tgz",
      "integrity": "sha512-oPA9iNSb2Cg50Les9HUxpZ1Iw6To6yn2dawJ/SiO9SRMHE0Fh7EbRw5TLz9iwkrAfoWg9NfqRYkyNkDAg0B2ZQ=="
    },
    "@jsr/std__text": {
      "version": "1.0.11",
      "resolved": "https://npm.jsr.io/~/11/@jsr/std__text/1.0.11.tgz",
      "integrity": "sha512-QlrmHZNkkzcSFv1BE8C7CmLHYg9m7LSl1IjCGMyeP+eoEcP7d9Ol1ww28PgAicGBdHfICMSyS2pRR2EJ4ILyKw=="
    },
    "@opensrc/jsonfile": {
      "version": "npm:@jsr/opensrc__jsonfile@1.0.0",
      "resolved": "https://npm.jsr.io/~/11/@jsr/opensrc__jsonfile/1.0.0.tgz",
      "integrity": "sha512-ZMC9ItXkVDMrmW9rGyl0WgibxvLpL6TB4bfnMncCQwMbFX61R2RYXp+LnnQchogG/uB+eq3WC+87RIA2tc8l7A=="
    }
  }
}
